// !$*UTF8*$!
{
	archiveVersion = 1;
	classes = {
	};
	objectVersion = 50;
	objects = {

/* Begin PBXBuildFile section */
		B51A44C421BA0A130047049F /* SettingsViewController.swift in Sources */ = {isa = PBXBuildFile; fileRef = B51A44C321BA0A130047049F /* SettingsViewController.swift */; };
		B51B940321A3E34000BE346B /* GasStationListController.swift in Sources */ = {isa = PBXBuildFile; fileRef = B51B940221A3E34000BE346B /* GasStationListController.swift */; };
		B51B940521A3E63F00BE346B /* GasStationCell.swift in Sources */ = {isa = PBXBuildFile; fileRef = B51B940421A3E63F00BE346B /* GasStationCell.swift */; };
		B51B940721A3F18500BE346B /* SelectSortListView.swift in Sources */ = {isa = PBXBuildFile; fileRef = B51B940621A3F18500BE346B /* SelectSortListView.swift */; };
		B51BB5CD21A26C2F00F852D2 /* CustomLabel.swift in Sources */ = {isa = PBXBuildFile; fileRef = B51BB5CC21A26C2F00F852D2 /* CustomLabel.swift */; };
		B51BB5CF21A28BED00F852D2 /* RectangleCustomButton.swift in Sources */ = {isa = PBXBuildFile; fileRef = B51BB5CE21A28BED00F852D2 /* RectangleCustomButton.swift */; };
		B51BB5D121A2A13D00F852D2 /* SettingController.swift in Sources */ = {isa = PBXBuildFile; fileRef = B51BB5D021A2A13D00F852D2 /* SettingController.swift */; };
		B51BB5D321A2BC9400F852D2 /* RadiusCell.swift in Sources */ = {isa = PBXBuildFile; fileRef = B51BB5D221A2BC9400F852D2 /* RadiusCell.swift */; };
		B51BB5D521A2C09100F852D2 /* RadiusCircularButton.swift in Sources */ = {isa = PBXBuildFile; fileRef = B51BB5D421A2C09100F852D2 /* RadiusCircularButton.swift */; };
		B51BB5F521A2E1A000F852D2 /* OilTypeCircularButton.swift in Sources */ = {isa = PBXBuildFile; fileRef = B51BB5F421A2E1A000F852D2 /* OilTypeCircularButton.swift */; };
		B52A316521A6CD2700764B39 /* CustomNavigationBarHeaderView.swift in Sources */ = {isa = PBXBuildFile; fileRef = B52A316421A6CD2700764B39 /* CustomNavigationBarHeaderView.swift */; };
		B53E1563219EA06800A7D4A9 /* CustomTextField.swift in Sources */ = {isa = PBXBuildFile; fileRef = B53E1562219EA06800A7D4A9 /* CustomTextField.swift */; };
		B54BA75A21AD010200F9CDB2 /* GeoConverter.swift in Sources */ = {isa = PBXBuildFile; fileRef = B54BA75921AD010200F9CDB2 /* GeoConverter.swift */; };
		B555A177219DCD270006F9D4 /* RoundCustomButton.swift in Sources */ = {isa = PBXBuildFile; fileRef = B555A176219DCD270006F9D4 /* RoundCustomButton.swift */; };
		B555A179219E05BE0006F9D4 /* SearchController.swift in Sources */ = {isa = PBXBuildFile; fileRef = B555A178219E05BE0006F9D4 /* SearchController.swift */; };
		B57E335F21B0C9D10093FFC6 /* CustomLabelButton.swift in Sources */ = {isa = PBXBuildFile; fileRef = B57E335E21B0C9D10093FFC6 /* CustomLabelButton.swift */; };
		B57E336121B0D0B40093FFC6 /* AvgAlllPriceApi.swift in Sources */ = {isa = PBXBuildFile; fileRef = B57E336021B0D0B40093FFC6 /* AvgAlllPriceApi.swift */; };
		B580948B21AF80530078F3B3 /* HeaderStackView.swift in Sources */ = {isa = PBXBuildFile; fileRef = B580948A21AF80530078F3B3 /* HeaderStackView.swift */; };
		B5A9E3C621ABA0AA00507440 /* API.swift in Sources */ = {isa = PBXBuildFile; fileRef = B5A9E3C521ABA0AA00507440 /* API.swift */; };
		B5B71A41219D3971008D8243 /* AppDelegate.swift in Sources */ = {isa = PBXBuildFile; fileRef = B5B71A40219D3971008D8243 /* AppDelegate.swift */; };
		B5B71A43219D3971008D8243 /* ViewController.swift in Sources */ = {isa = PBXBuildFile; fileRef = B5B71A42219D3971008D8243 /* ViewController.swift */; };
		B5B71A46219D3971008D8243 /* Main.storyboard in Resources */ = {isa = PBXBuildFile; fileRef = B5B71A44219D3971008D8243 /* Main.storyboard */; };
		B5B71A48219D3972008D8243 /* Assets.xcassets in Resources */ = {isa = PBXBuildFile; fileRef = B5B71A47219D3972008D8243 /* Assets.xcassets */; };
		B5B71A4B219D3972008D8243 /* LaunchScreen.storyboard in Resources */ = {isa = PBXBuildFile; fileRef = B5B71A49219D3972008D8243 /* LaunchScreen.storyboard */; };
		B5B71A58219D3E14008D8243 /* UIViewExtensions.swift in Sources */ = {isa = PBXBuildFile; fileRef = B5B71A57219D3E14008D8243 /* UIViewExtensions.swift */; };
		B5B71A5B219D439F008D8243 /* Constants.swift in Sources */ = {isa = PBXBuildFile; fileRef = B5B71A5A219D439F008D8243 /* Constants.swift */; };
		B5B71A5D219D87C1008D8243 /* MainViewController.swift in Sources */ = {isa = PBXBuildFile; fileRef = B5B71A5C219D87C1008D8243 /* MainViewController.swift */; };
		B5BBC66C21ABCCA600006A62 /* AvgAllPrice.swift in Sources */ = {isa = PBXBuildFile; fileRef = B5BBC66B21ABCCA600006A62 /* AvgAllPrice.swift */; };
		B5BBC66E21ABD16D00006A62 /* AvgSidoPrice.swift in Sources */ = {isa = PBXBuildFile; fileRef = B5BBC66D21ABD16D00006A62 /* AvgSidoPrice.swift */; };
		B5BBC67021ABD7D600006A62 /* AvgSigunPrice.swift in Sources */ = {isa = PBXBuildFile; fileRef = B5BBC66F21ABD7D600006A62 /* AvgSigunPrice.swift */; };
		B5BBC67221ABE00100006A62 /* AvgRecentPrice.swift in Sources */ = {isa = PBXBuildFile; fileRef = B5BBC67121ABE00100006A62 /* AvgRecentPrice.swift */; };
		B5BBC67421ABE37100006A62 /* AvgLastWeek.swift in Sources */ = {isa = PBXBuildFile; fileRef = B5BBC67321ABE37100006A62 /* AvgLastWeek.swift */; };
		B5BBC67621ABE64500006A62 /* LowTop10.swift in Sources */ = {isa = PBXBuildFile; fileRef = B5BBC67521ABE64500006A62 /* LowTop10.swift */; };
		B5BBC67821ABE92300006A62 /* PollDivCode.swift in Sources */ = {isa = PBXBuildFile; fileRef = B5BBC67721ABE92300006A62 /* PollDivCode.swift */; };
		B5BBC67A21ABE94600006A62 /* ProductCode.swift in Sources */ = {isa = PBXBuildFile; fileRef = B5BBC67921ABE94600006A62 /* ProductCode.swift */; };
		B5BBC67C21ABEAB300006A62 /* AroundAll.swift in Sources */ = {isa = PBXBuildFile; fileRef = B5BBC67B21ABEAB300006A62 /* AroundAll.swift */; };
		B5BBC67E21AC06C100006A62 /* DetailById.swift in Sources */ = {isa = PBXBuildFile; fileRef = B5BBC67D21AC06C100006A62 /* DetailById.swift */; };
		B5BBC68021AC1CBE00006A62 /* AreaCode.swift in Sources */ = {isa = PBXBuildFile; fileRef = B5BBC67F21AC1CBE00006A62 /* AreaCode.swift */; };
		B5BBC68221AC1E4E00006A62 /* SearchByName.swift in Sources */ = {isa = PBXBuildFile; fileRef = B5BBC68121AC1E4E00006A62 /* SearchByName.swift */; };
/* End PBXBuildFile section */

/* Begin PBXFileReference section */
		B51A44C321BA0A130047049F /* SettingsViewController.swift */ = {isa = PBXFileReference; lastKnownFileType = sourcecode.swift; path = SettingsViewController.swift; sourceTree = "<group>"; };
		B51B940221A3E34000BE346B /* GasStationListController.swift */ = {isa = PBXFileReference; lastKnownFileType = sourcecode.swift; path = GasStationListController.swift; sourceTree = "<group>"; };
		B51B940421A3E63F00BE346B /* GasStationCell.swift */ = {isa = PBXFileReference; lastKnownFileType = sourcecode.swift; path = GasStationCell.swift; sourceTree = "<group>"; };
		B51B940621A3F18500BE346B /* SelectSortListView.swift */ = {isa = PBXFileReference; lastKnownFileType = sourcecode.swift; path = SelectSortListView.swift; sourceTree = "<group>"; };
		B51BB5CC21A26C2F00F852D2 /* CustomLabel.swift */ = {isa = PBXFileReference; lastKnownFileType = sourcecode.swift; path = CustomLabel.swift; sourceTree = "<group>"; };
		B51BB5CE21A28BED00F852D2 /* RectangleCustomButton.swift */ = {isa = PBXFileReference; lastKnownFileType = sourcecode.swift; path = RectangleCustomButton.swift; sourceTree = "<group>"; };
		B51BB5D021A2A13D00F852D2 /* SettingController.swift */ = {isa = PBXFileReference; lastKnownFileType = sourcecode.swift; path = SettingController.swift; sourceTree = "<group>"; };
		B51BB5D221A2BC9400F852D2 /* RadiusCell.swift */ = {isa = PBXFileReference; lastKnownFileType = sourcecode.swift; path = RadiusCell.swift; sourceTree = "<group>"; };
		B51BB5D421A2C09100F852D2 /* RadiusCircularButton.swift */ = {isa = PBXFileReference; lastKnownFileType = sourcecode.swift; path = RadiusCircularButton.swift; sourceTree = "<group>"; };
		B51BB5F421A2E1A000F852D2 /* OilTypeCircularButton.swift */ = {isa = PBXFileReference; lastKnownFileType = sourcecode.swift; path = OilTypeCircularButton.swift; sourceTree = "<group>"; };
		B52A316421A6CD2700764B39 /* CustomNavigationBarHeaderView.swift */ = {isa = PBXFileReference; lastKnownFileType = sourcecode.swift; path = CustomNavigationBarHeaderView.swift; sourceTree = "<group>"; };
		B53E1562219EA06800A7D4A9 /* CustomTextField.swift */ = {isa = PBXFileReference; lastKnownFileType = sourcecode.swift; path = CustomTextField.swift; sourceTree = "<group>"; };
		B54BA75921AD010200F9CDB2 /* GeoConverter.swift */ = {isa = PBXFileReference; lastKnownFileType = sourcecode.swift; path = GeoConverter.swift; sourceTree = "<group>"; };
		B555A176219DCD270006F9D4 /* RoundCustomButton.swift */ = {isa = PBXFileReference; lastKnownFileType = sourcecode.swift; path = RoundCustomButton.swift; sourceTree = "<group>"; };
		B555A178219E05BE0006F9D4 /* SearchController.swift */ = {isa = PBXFileReference; lastKnownFileType = sourcecode.swift; path = SearchController.swift; sourceTree = "<group>"; };
		B57E335E21B0C9D10093FFC6 /* CustomLabelButton.swift */ = {isa = PBXFileReference; lastKnownFileType = sourcecode.swift; path = CustomLabelButton.swift; sourceTree = "<group>"; };
		B57E336021B0D0B40093FFC6 /* AvgAlllPriceApi.swift */ = {isa = PBXFileReference; lastKnownFileType = sourcecode.swift; path = AvgAlllPriceApi.swift; sourceTree = "<group>"; };
		B580948A21AF80530078F3B3 /* HeaderStackView.swift */ = {isa = PBXFileReference; lastKnownFileType = sourcecode.swift; path = HeaderStackView.swift; sourceTree = "<group>"; };
		B5A9E3C521ABA0AA00507440 /* API.swift */ = {isa = PBXFileReference; lastKnownFileType = sourcecode.swift; path = API.swift; sourceTree = "<group>"; };
		B5B71A3D219D3971008D8243 /* OilMap.app */ = {isa = PBXFileReference; explicitFileType = wrapper.application; includeInIndex = 0; path = OilMap.app; sourceTree = BUILT_PRODUCTS_DIR; };
		B5B71A40219D3971008D8243 /* AppDelegate.swift */ = {isa = PBXFileReference; lastKnownFileType = sourcecode.swift; path = AppDelegate.swift; sourceTree = "<group>"; };
		B5B71A42219D3971008D8243 /* ViewController.swift */ = {isa = PBXFileReference; lastKnownFileType = sourcecode.swift; path = ViewController.swift; sourceTree = "<group>"; };
		B5B71A45219D3971008D8243 /* Base */ = {isa = PBXFileReference; lastKnownFileType = file.storyboard; name = Base; path = Base.lproj/Main.storyboard; sourceTree = "<group>"; };
		B5B71A47219D3972008D8243 /* Assets.xcassets */ = {isa = PBXFileReference; lastKnownFileType = folder.assetcatalog; path = Assets.xcassets; sourceTree = "<group>"; };
		B5B71A4A219D3972008D8243 /* Base */ = {isa = PBXFileReference; lastKnownFileType = file.storyboard; name = Base; path = Base.lproj/LaunchScreen.storyboard; sourceTree = "<group>"; };
		B5B71A4C219D3972008D8243 /* Info.plist */ = {isa = PBXFileReference; lastKnownFileType = text.plist.xml; path = Info.plist; sourceTree = "<group>"; };
		B5B71A57219D3E14008D8243 /* UIViewExtensions.swift */ = {isa = PBXFileReference; lastKnownFileType = sourcecode.swift; path = UIViewExtensions.swift; sourceTree = "<group>"; };
		B5B71A5A219D439F008D8243 /* Constants.swift */ = {isa = PBXFileReference; lastKnownFileType = sourcecode.swift; path = Constants.swift; sourceTree = "<group>"; };
		B5B71A5C219D87C1008D8243 /* MainViewController.swift */ = {isa = PBXFileReference; lastKnownFileType = sourcecode.swift; path = MainViewController.swift; sourceTree = "<group>"; };
		B5BBC66B21ABCCA600006A62 /* AvgAllPrice.swift */ = {isa = PBXFileReference; lastKnownFileType = sourcecode.swift; path = AvgAllPrice.swift; sourceTree = "<group>"; };
		B5BBC66D21ABD16D00006A62 /* AvgSidoPrice.swift */ = {isa = PBXFileReference; lastKnownFileType = sourcecode.swift; path = AvgSidoPrice.swift; sourceTree = "<group>"; };
		B5BBC66F21ABD7D600006A62 /* AvgSigunPrice.swift */ = {isa = PBXFileReference; lastKnownFileType = sourcecode.swift; path = AvgSigunPrice.swift; sourceTree = "<group>"; };
		B5BBC67121ABE00100006A62 /* AvgRecentPrice.swift */ = {isa = PBXFileReference; lastKnownFileType = sourcecode.swift; path = AvgRecentPrice.swift; sourceTree = "<group>"; };
		B5BBC67321ABE37100006A62 /* AvgLastWeek.swift */ = {isa = PBXFileReference; lastKnownFileType = sourcecode.swift; path = AvgLastWeek.swift; sourceTree = "<group>"; };
		B5BBC67521ABE64500006A62 /* LowTop10.swift */ = {isa = PBXFileReference; lastKnownFileType = sourcecode.swift; path = LowTop10.swift; sourceTree = "<group>"; };
		B5BBC67721ABE92300006A62 /* PollDivCode.swift */ = {isa = PBXFileReference; lastKnownFileType = sourcecode.swift; path = PollDivCode.swift; sourceTree = "<group>"; };
		B5BBC67921ABE94600006A62 /* ProductCode.swift */ = {isa = PBXFileReference; lastKnownFileType = sourcecode.swift; path = ProductCode.swift; sourceTree = "<group>"; };
		B5BBC67B21ABEAB300006A62 /* AroundAll.swift */ = {isa = PBXFileReference; lastKnownFileType = sourcecode.swift; path = AroundAll.swift; sourceTree = "<group>"; };
		B5BBC67D21AC06C100006A62 /* DetailById.swift */ = {isa = PBXFileReference; lastKnownFileType = sourcecode.swift; path = DetailById.swift; sourceTree = "<group>"; };
		B5BBC67F21AC1CBE00006A62 /* AreaCode.swift */ = {isa = PBXFileReference; lastKnownFileType = sourcecode.swift; path = AreaCode.swift; sourceTree = "<group>"; };
		B5BBC68121AC1E4E00006A62 /* SearchByName.swift */ = {isa = PBXFileReference; lastKnownFileType = sourcecode.swift; path = SearchByName.swift; sourceTree = "<group>"; };
/* End PBXFileReference section */

/* Begin PBXFrameworksBuildPhase section */
		B5B71A3A219D3971008D8243 /* Frameworks */ = {
			isa = PBXFrameworksBuildPhase;
			buildActionMask = 2147483647;
			files = (
			);
			runOnlyForDeploymentPostprocessing = 0;
		};
/* End PBXFrameworksBuildPhase section */

/* Begin PBXGroup section */
		B54BA75821AD00C000F9CDB2 /* SupportingFiles */ = {
			isa = PBXGroup;
			children = (
				B54BA75921AD010200F9CDB2 /* GeoConverter.swift */,
			);
			path = SupportingFiles;
			sourceTree = "<group>";
		};
		B5A9E3C421ABA07500507440 /* Services */ = {
			isa = PBXGroup;
			children = (
				B5A9E3C521ABA0AA00507440 /* API.swift */,
				B57E336021B0D0B40093FFC6 /* AvgAlllPriceApi.swift */,
			);
			path = Services;
			sourceTree = "<group>";
		};
		B5B71A34219D3971008D8243 = {
			isa = PBXGroup;
			children = (
				B5B71A3F219D3971008D8243 /* OilMap */,
				B5B71A3E219D3971008D8243 /* Products */,
			);
			sourceTree = "<group>";
		};
		B5B71A3E219D3971008D8243 /* Products */ = {
			isa = PBXGroup;
			children = (
				B5B71A3D219D3971008D8243 /* OilMap.app */,
			);
			name = Products;
			sourceTree = "<group>";
		};
		B5B71A3F219D3971008D8243 /* OilMap */ = {
			isa = PBXGroup;
			children = (
				B5B71A40219D3971008D8243 /* AppDelegate.swift */,
				B5B71A56219D3D9D008D8243 /* ViewModels */,
				B5B71A55219D3D9B008D8243 /* Models */,
				B5B71A54219D3D99008D8243 /* Views */,
				B5B71A53219D3D97008D8243 /* Controllers */,
				B5B71A52219D3D93008D8243 /* Extensions */,
				B5B71A59219D4382008D8243 /* Constants */,
				B5A9E3C421ABA07500507440 /* Services */,
				B54BA75821AD00C000F9CDB2 /* SupportingFiles */,
				B5B71A47219D3972008D8243 /* Assets.xcassets */,
				B5B71A44219D3971008D8243 /* Main.storyboard */,
				B5B71A49219D3972008D8243 /* LaunchScreen.storyboard */,
				B5B71A4C219D3972008D8243 /* Info.plist */,
			);
			path = OilMap;
			sourceTree = "<group>";
		};
		B5B71A52219D3D93008D8243 /* Extensions */ = {
			isa = PBXGroup;
			children = (
				B5B71A57219D3E14008D8243 /* UIViewExtensions.swift */,
			);
			path = Extensions;
			sourceTree = "<group>";
		};
		B5B71A53219D3D97008D8243 /* Controllers */ = {
			isa = PBXGroup;
			children = (
				B5B71A42219D3971008D8243 /* ViewController.swift */,
				B5B71A5C219D87C1008D8243 /* MainViewController.swift */,
				B555A178219E05BE0006F9D4 /* SearchController.swift */,
				B51BB5D021A2A13D00F852D2 /* SettingController.swift */,
				B51B940221A3E34000BE346B /* GasStationListController.swift */,
				B51A44C321BA0A130047049F /* SettingsViewController.swift */,
			);
			path = Controllers;
			sourceTree = "<group>";
		};
		B5B71A54219D3D99008D8243 /* Views */ = {
			isa = PBXGroup;
			children = (
				B53E1562219EA06800A7D4A9 /* CustomTextField.swift */,
				B51BB5CC21A26C2F00F852D2 /* CustomLabel.swift */,
				B51BB5CE21A28BED00F852D2 /* RectangleCustomButton.swift */,
				B51BB5D221A2BC9400F852D2 /* RadiusCell.swift */,
				B555A176219DCD270006F9D4 /* RoundCustomButton.swift */,
				B51BB5D421A2C09100F852D2 /* RadiusCircularButton.swift */,
				B51BB5F421A2E1A000F852D2 /* OilTypeCircularButton.swift */,
				B51B940421A3E63F00BE346B /* GasStationCell.swift */,
				B51B940621A3F18500BE346B /* SelectSortListView.swift */,
				B52A316421A6CD2700764B39 /* CustomNavigationBarHeaderView.swift */,
				B580948A21AF80530078F3B3 /* HeaderStackView.swift */,
				B57E335E21B0C9D10093FFC6 /* CustomLabelButton.swift */,
			);
			path = Views;
			sourceTree = "<group>";
		};
		B5B71A55219D3D9B008D8243 /* Models */ = {
			isa = PBXGroup;
			children = (
				B5BBC67721ABE92300006A62 /* PollDivCode.swift */,
				B5BBC67921ABE94600006A62 /* ProductCode.swift */,
				B5BBC66B21ABCCA600006A62 /* AvgAllPrice.swift */,
				B5BBC66D21ABD16D00006A62 /* AvgSidoPrice.swift */,
				B5BBC66F21ABD7D600006A62 /* AvgSigunPrice.swift */,
				B5BBC67121ABE00100006A62 /* AvgRecentPrice.swift */,
				B5BBC67321ABE37100006A62 /* AvgLastWeek.swift */,
				B5BBC67521ABE64500006A62 /* LowTop10.swift */,
				B5BBC67B21ABEAB300006A62 /* AroundAll.swift */,
				B5BBC67D21AC06C100006A62 /* DetailById.swift */,
				B5BBC67F21AC1CBE00006A62 /* AreaCode.swift */,
				B5BBC68121AC1E4E00006A62 /* SearchByName.swift */,
			);
			path = Models;
			sourceTree = "<group>";
		};
		B5B71A56219D3D9D008D8243 /* ViewModels */ = {
			isa = PBXGroup;
			children = (
			);
			path = ViewModels;
			sourceTree = "<group>";
		};
		B5B71A59219D4382008D8243 /* Constants */ = {
			isa = PBXGroup;
			children = (
				B5B71A5A219D439F008D8243 /* Constants.swift */,
			);
			path = Constants;
			sourceTree = "<group>";
		};
/* End PBXGroup section */

/* Begin PBXNativeTarget section */
		B5B71A3C219D3971008D8243 /* OilMap */ = {
			isa = PBXNativeTarget;
			buildConfigurationList = B5B71A4F219D3972008D8243 /* Build configuration list for PBXNativeTarget "OilMap" */;
			buildPhases = (
				B5B71A39219D3971008D8243 /* Sources */,
				B5B71A3A219D3971008D8243 /* Frameworks */,
				B5B71A3B219D3971008D8243 /* Resources */,
			);
			buildRules = (
			);
			dependencies = (
			);
			name = OilMap;
			productName = OilMap;
			productReference = B5B71A3D219D3971008D8243 /* OilMap.app */;
			productType = "com.apple.product-type.application";
		};
/* End PBXNativeTarget section */

/* Begin PBXProject section */
		B5B71A35219D3971008D8243 /* Project object */ = {
			isa = PBXProject;
			attributes = {
				LastSwiftUpdateCheck = 1010;
				LastUpgradeCheck = 1010;
				ORGANIZATIONNAME = dave76;
				TargetAttributes = {
					B5B71A3C219D3971008D8243 = {
						CreatedOnToolsVersion = 10.1;
					};
				};
			};
			buildConfigurationList = B5B71A38219D3971008D8243 /* Build configuration list for PBXProject "OilMap" */;
			compatibilityVersion = "Xcode 9.3";
			developmentRegion = en;
			hasScannedForEncodings = 0;
			knownRegions = (
				en,
				Base,
			);
			mainGroup = B5B71A34219D3971008D8243;
			productRefGroup = B5B71A3E219D3971008D8243 /* Products */;
			projectDirPath = "";
			projectRoot = "";
			targets = (
				B5B71A3C219D3971008D8243 /* OilMap */,
			);
		};
/* End PBXProject section */

/* Begin PBXResourcesBuildPhase section */
		B5B71A3B219D3971008D8243 /* Resources */ = {
			isa = PBXResourcesBuildPhase;
			buildActionMask = 2147483647;
			files = (
				B5B71A4B219D3972008D8243 /* LaunchScreen.storyboard in Resources */,
				B5B71A48219D3972008D8243 /* Assets.xcassets in Resources */,
				B5B71A46219D3971008D8243 /* Main.storyboard in Resources */,
			);
			runOnlyForDeploymentPostprocessing = 0;
		};
/* End PBXResourcesBuildPhase section */

/* Begin PBXSourcesBuildPhase section */
		B5B71A39219D3971008D8243 /* Sources */ = {
			isa = PBXSourcesBuildPhase;
			buildActionMask = 2147483647;
			files = (
				B54BA75A21AD010200F9CDB2 /* GeoConverter.swift in Sources */,
				B52A316521A6CD2700764B39 /* CustomNavigationBarHeaderView.swift in Sources */,
				B5A9E3C621ABA0AA00507440 /* API.swift in Sources */,
				B5BBC67421ABE37100006A62 /* AvgLastWeek.swift in Sources */,
				B51BB5D521A2C09100F852D2 /* RadiusCircularButton.swift in Sources */,
				B5BBC66E21ABD16D00006A62 /* AvgSidoPrice.swift in Sources */,
				B5B71A43219D3971008D8243 /* ViewController.swift in Sources */,
				B51BB5CD21A26C2F00F852D2 /* CustomLabel.swift in Sources */,
				B51B940721A3F18500BE346B /* SelectSortListView.swift in Sources */,
				B5BBC66C21ABCCA600006A62 /* AvgAllPrice.swift in Sources */,
				B5BBC67221ABE00100006A62 /* AvgRecentPrice.swift in Sources */,
				B51BB5CF21A28BED00F852D2 /* RectangleCustomButton.swift in Sources */,
				B5B71A58219D3E14008D8243 /* UIViewExtensions.swift in Sources */,
				B51B940321A3E34000BE346B /* GasStationListController.swift in Sources */,
				B580948B21AF80530078F3B3 /* HeaderStackView.swift in Sources */,
				B51BB5F521A2E1A000F852D2 /* OilTypeCircularButton.swift in Sources */,
				B555A177219DCD270006F9D4 /* RoundCustomButton.swift in Sources */,
				B5BBC67821ABE92300006A62 /* PollDivCode.swift in Sources */,
				B5BBC67021ABD7D600006A62 /* AvgSigunPrice.swift in Sources */,
				B5BBC67621ABE64500006A62 /* LowTop10.swift in Sources */,
				B5BBC67A21ABE94600006A62 /* ProductCode.swift in Sources */,
				B555A179219E05BE0006F9D4 /* SearchController.swift in Sources */,
				B53E1563219EA06800A7D4A9 /* CustomTextField.swift in Sources */,
				B5BBC68021AC1CBE00006A62 /* AreaCode.swift in Sources */,
				B51BB5D321A2BC9400F852D2 /* RadiusCell.swift in Sources */,
				B5BBC68221AC1E4E00006A62 /* SearchByName.swift in Sources */,
				B5BBC67E21AC06C100006A62 /* DetailById.swift in Sources */,
				B5B71A41219D3971008D8243 /* AppDelegate.swift in Sources */,
				B51B940521A3E63F00BE346B /* GasStationCell.swift in Sources */,
				B57E336121B0D0B40093FFC6 /* AvgAlllPriceApi.swift in Sources */,
				B5BBC67C21ABEAB300006A62 /* AroundAll.swift in Sources */,
				B51BB5D121A2A13D00F852D2 /* SettingController.swift in Sources */,
				B57E335F21B0C9D10093FFC6 /* CustomLabelButton.swift in Sources */,
				B5B71A5B219D439F008D8243 /* Constants.swift in Sources */,
				B5B71A5D219D87C1008D8243 /* MainViewController.swift in Sources */,
				B51A44C421BA0A130047049F /* SettingsViewController.swift in Sources */,
			);
			runOnlyForDeploymentPostprocessing = 0;
		};
/* End PBXSourcesBuildPhase section */

/* Begin PBXVariantGroup section */
		B5B71A44219D3971008D8243 /* Main.storyboard */ = {
			isa = PBXVariantGroup;
			children = (
				B5B71A45219D3971008D8243 /* Base */,
			);
			name = Main.storyboard;
			sourceTree = "<group>";
		};
		B5B71A49219D3972008D8243 /* LaunchScreen.storyboard */ = {
			isa = PBXVariantGroup;
			children = (
				B5B71A4A219D3972008D8243 /* Base */,
			);
			name = LaunchScreen.storyboard;
			sourceTree = "<group>";
		};
/* End PBXVariantGroup section */

/* Begin XCBuildConfiguration section */
		B5B71A4D219D3972008D8243 /* Debug */ = {
			isa = XCBuildConfiguration;
			buildSettings = {
				ALWAYS_SEARCH_USER_PATHS = NO;
				CLANG_ANALYZER_NONNULL = YES;
				CLANG_ANALYZER_NUMBER_OBJECT_CONVERSION = YES_AGGRESSIVE;
				CLANG_CXX_LANGUAGE_STANDARD = "gnu++14";
				CLANG_CXX_LIBRARY = "libc++";
				CLANG_ENABLE_MODULES = YES;
				CLANG_ENABLE_OBJC_ARC = YES;
				CLANG_ENABLE_OBJC_WEAK = YES;
				CLANG_WARN_BLOCK_CAPTURE_AUTORELEASING = YES;
				CLANG_WARN_BOOL_CONVERSION = YES;
				CLANG_WARN_COMMA = YES;
				CLANG_WARN_CONSTANT_CONVERSION = YES;
				CLANG_WARN_DEPRECATED_OBJC_IMPLEMENTATIONS = YES;
				CLANG_WARN_DIRECT_OBJC_ISA_USAGE = YES_ERROR;
				CLANG_WARN_DOCUMENTATION_COMMENTS = YES;
				CLANG_WARN_EMPTY_BODY = YES;
				CLANG_WARN_ENUM_CONVERSION = YES;
				CLANG_WARN_INFINITE_RECURSION = YES;
				CLANG_WARN_INT_CONVERSION = YES;
				CLANG_WARN_NON_LITERAL_NULL_CONVERSION = YES;
				CLANG_WARN_OBJC_IMPLICIT_RETAIN_SELF = YES;
				CLANG_WARN_OBJC_LITERAL_CONVERSION = YES;
				CLANG_WARN_OBJC_ROOT_CLASS = YES_ERROR;
				CLANG_WARN_RANGE_LOOP_ANALYSIS = YES;
				CLANG_WARN_STRICT_PROTOTYPES = YES;
				CLANG_WARN_SUSPICIOUS_MOVE = YES;
				CLANG_WARN_UNGUARDED_AVAILABILITY = YES_AGGRESSIVE;
				CLANG_WARN_UNREACHABLE_CODE = YES;
				CLANG_WARN__DUPLICATE_METHOD_MATCH = YES;
				CODE_SIGN_IDENTITY = "iPhone Developer";
				COPY_PHASE_STRIP = NO;
				DEBUG_INFORMATION_FORMAT = dwarf;
				ENABLE_STRICT_OBJC_MSGSEND = YES;
				ENABLE_TESTABILITY = YES;
				GCC_C_LANGUAGE_STANDARD = gnu11;
				GCC_DYNAMIC_NO_PIC = NO;
				GCC_NO_COMMON_BLOCKS = YES;
				GCC_OPTIMIZATION_LEVEL = 0;
				GCC_PREPROCESSOR_DEFINITIONS = (
					"DEBUG=1",
					"$(inherited)",
				);
				GCC_WARN_64_TO_32_BIT_CONVERSION = YES;
				GCC_WARN_ABOUT_RETURN_TYPE = YES_ERROR;
				GCC_WARN_UNDECLARED_SELECTOR = YES;
				GCC_WARN_UNINITIALIZED_AUTOS = YES_AGGRESSIVE;
				GCC_WARN_UNUSED_FUNCTION = YES;
				GCC_WARN_UNUSED_VARIABLE = YES;
				IPHONEOS_DEPLOYMENT_TARGET = 12.1;
				MTL_ENABLE_DEBUG_INFO = INCLUDE_SOURCE;
				MTL_FAST_MATH = YES;
				ONLY_ACTIVE_ARCH = YES;
				SDKROOT = iphoneos;
				SWIFT_ACTIVE_COMPILATION_CONDITIONS = DEBUG;
				SWIFT_OPTIMIZATION_LEVEL = "-Onone";
			};
			name = Debug;
		};
		B5B71A4E219D3972008D8243 /* Release */ = {
			isa = XCBuildConfiguration;
			buildSettings = {
				ALWAYS_SEARCH_USER_PATHS = NO;
				CLANG_ANALYZER_NONNULL = YES;
				CLANG_ANALYZER_NUMBER_OBJECT_CONVERSION = YES_AGGRESSIVE;
				CLANG_CXX_LANGUAGE_STANDARD = "gnu++14";
				CLANG_CXX_LIBRARY = "libc++";
				CLANG_ENABLE_MODULES = YES;
				CLANG_ENABLE_OBJC_ARC = YES;
				CLANG_ENABLE_OBJC_WEAK = YES;
				CLANG_WARN_BLOCK_CAPTURE_AUTORELEASING = YES;
				CLANG_WARN_BOOL_CONVERSION = YES;
				CLANG_WARN_COMMA = YES;
				CLANG_WARN_CONSTANT_CONVERSION = YES;
				CLANG_WARN_DEPRECATED_OBJC_IMPLEMENTATIONS = YES;
				CLANG_WARN_DIRECT_OBJC_ISA_USAGE = YES_ERROR;
				CLANG_WARN_DOCUMENTATION_COMMENTS = YES;
				CLANG_WARN_EMPTY_BODY = YES;
				CLANG_WARN_ENUM_CONVERSION = YES;
				CLANG_WARN_INFINITE_RECURSION = YES;
				CLANG_WARN_INT_CONVERSION = YES;
				CLANG_WARN_NON_LITERAL_NULL_CONVERSION = YES;
				CLANG_WARN_OBJC_IMPLICIT_RETAIN_SELF = YES;
				CLANG_WARN_OBJC_LITERAL_CONVERSION = YES;
				CLANG_WARN_OBJC_ROOT_CLASS = YES_ERROR;
				CLANG_WARN_RANGE_LOOP_ANALYSIS = YES;
				CLANG_WARN_STRICT_PROTOTYPES = YES;
				CLANG_WARN_SUSPICIOUS_MOVE = YES;
				CLANG_WARN_UNGUARDED_AVAILABILITY = YES_AGGRESSIVE;
				CLANG_WARN_UNREACHABLE_CODE = YES;
				CLANG_WARN__DUPLICATE_METHOD_MATCH = YES;
				CODE_SIGN_IDENTITY = "iPhone Developer";
				COPY_PHASE_STRIP = NO;
				DEBUG_INFORMATION_FORMAT = "dwarf-with-dsym";
				ENABLE_NS_ASSERTIONS = NO;
				ENABLE_STRICT_OBJC_MSGSEND = YES;
				GCC_C_LANGUAGE_STANDARD = gnu11;
				GCC_NO_COMMON_BLOCKS = YES;
				GCC_WARN_64_TO_32_BIT_CONVERSION = YES;
				GCC_WARN_ABOUT_RETURN_TYPE = YES_ERROR;
				GCC_WARN_UNDECLARED_SELECTOR = YES;
				GCC_WARN_UNINITIALIZED_AUTOS = YES_AGGRESSIVE;
				GCC_WARN_UNUSED_FUNCTION = YES;
				GCC_WARN_UNUSED_VARIABLE = YES;
				IPHONEOS_DEPLOYMENT_TARGET = 12.1;
				MTL_ENABLE_DEBUG_INFO = NO;
				MTL_FAST_MATH = YES;
				SDKROOT = iphoneos;
				SWIFT_COMPILATION_MODE = wholemodule;
				SWIFT_OPTIMIZATION_LEVEL = "-O";
				VALIDATE_PRODUCT = YES;
			};
			name = Release;
		};
		B5B71A50219D3972008D8243 /* Debug */ = {
			isa = XCBuildConfiguration;
			buildSettings = {
				ASSETCATALOG_COMPILER_APPICON_NAME = AppIcon;
				CODE_SIGN_STYLE = Automatic;
				DEVELOPMENT_TEAM = 4Z6U9FKXA9;
				INFOPLIST_FILE = OilMap/Info.plist;
				LD_RUNPATH_SEARCH_PATHS = (
					"$(inherited)",
					"@executable_path/Frameworks",
				);
				PRODUCT_BUNDLE_IDENTIFIER = com.mobileandsmile.OilMap;
				PRODUCT_NAME = "$(TARGET_NAME)";
				SWIFT_VERSION = 4.2;
				TARGETED_DEVICE_FAMILY = "1,2";
			};
			name = Debug;
		};
		B5B71A51219D3972008D8243 /* Release */ = {
			isa = XCBuildConfiguration;
			buildSettings = {
				ASSETCATALOG_COMPILER_APPICON_NAME = AppIcon;
				CODE_SIGN_STYLE = Automatic;
				DEVELOPMENT_TEAM = 4Z6U9FKXA9;
				INFOPLIST_FILE = OilMap/Info.plist;
				LD_RUNPATH_SEARCH_PATHS = (
					"$(inherited)",
					"@executable_path/Frameworks",
				);
				PRODUCT_BUNDLE_IDENTIFIER = com.mobileandsmile.OilMap;
				PRODUCT_NAME = "$(TARGET_NAME)";
				SWIFT_VERSION = 4.2;
				TARGETED_DEVICE_FAMILY = "1,2";
			};
			name = Release;
		};
/* End XCBuildConfiguration section */

/* Begin XCConfigurationList section */
		B5B71A38219D3971008D8243 /* Build configuration list for PBXProject "OilMap" */ = {
			isa = XCConfigurationList;
			buildConfigurations = (
				B5B71A4D219D3972008D8243 /* Debug */,
				B5B71A4E219D3972008D8243 /* Release */,
			);
			defaultConfigurationIsVisible = 0;
			defaultConfigurationName = Release;
		};
		B5B71A4F219D3972008D8243 /* Build configuration list for PBXNativeTarget "OilMap" */ = {
			isa = XCConfigurationList;
			buildConfigurations = (
				B5B71A50219D3972008D8243 /* Debug */,
				B5B71A51219D3972008D8243 /* Release */,
			);
			defaultConfigurationIsVisible = 0;
			defaultConfigurationName = Release;
		};
/* End XCConfigurationList section */
	};
	rootObject = B5B71A35219D3971008D8243 /* Project object */;
}
